
Microsoft Visual Studio Solution File, Format Version 12.00
Project("{FAE04EC0-301F-11D3-BF4B-00C04F79EFBC}") = "backend", "backend.csproj", "{55D823E4-D6B5-47F8-B17D-CA2FD91FE8A3}"
EndProject
Global
	GlobalSection(SolutionConfigurationPlatforms) = preSolution
		Debug|Any CPU = Debug|Any CPU
		Release|Any CPU = Release|Any CPU
	EndGlobalSection
	GlobalSection(ProjectConfigurationPlatforms) = postSolution
		{55D823E4-D6B5-47F8-B17D-CA2FD91FE8A3}.Debug|Any CPU.ActiveCfg = Debug|Any CPU
		{55D823E4-D6B5-47F8-B17D-CA2FD91FE8A3}.Debug|Any CPU.Build.0 = Debug|Any CPU
		{55D823E4-D6B5-47F8-B17D-CA2FD91FE8A3}.Release|Any CPU.ActiveCfg = Release|Any CPU
		{55D823E4-D6B5-47F8-B17D-CA2FD91FE8A3}.Release|Any CPU.Build.0 = Release|Any CPU
	EndGlobalSection
EndGlobal
